
Microsoft Visual Studio Solution File, Format Version 12.00
# Visual Studio Version 17
VisualStudioVersion = 17.3.32611.2
MinimumVisualStudioVersion = 10.0.40219.1
Project("{9A19103F-16F7-4668-BE54-9A1E7A4F7556}") = "raaghuDocumentation.Domain", "src\raaghuDocumentation.Domain\raaghuDocumentation.Domain.csproj", "{554AD327-6DBA-4F8F-96F8-81CE7A0C863F}"
EndProject
Project("{9A19103F-16F7-4668-BE54-9A1E7A4F7556}") = "Volo.Docs.TestBase", "modules\Volo.Docs\test\Volo.Docs.TestBase\Volo.Docs.TestBase.csproj", "{8ac8871c-9433-491b-8148-0a9cd4cc536c}"
EndProject
Project("{9A19103F-16F7-4668-BE54-9A1E7A4F7556}") = "Volo.Docs.EntityFrameworkCore.Tests", "modules\Volo.Docs\test\Volo.Docs.EntityFrameworkCore.Tests\Volo.Docs.EntityFrameworkCore.Tests.csproj", "{94f1a666-1813-47de-bfe2-a76e950581cb}"
EndProject
Project("{9A19103F-16F7-4668-BE54-9A1E7A4F7556}") = "Volo.Docs.Domain.Tests", "modules\Volo.Docs\test\Volo.Docs.Domain.Tests\Volo.Docs.Domain.Tests.csproj", "{ef803cde-183a-4e2b-9880-00a5c66f2845}"
EndProject
Project("{9A19103F-16F7-4668-BE54-9A1E7A4F7556}") = "Volo.Docs.Application.Tests", "modules\Volo.Docs\test\Volo.Docs.Application.Tests\Volo.Docs.Application.Tests.csproj", "{3701cfa3-ba69-400a-896f-b1356850f8ba}"
EndProject
Project("{9A19103F-16F7-4668-BE54-9A1E7A4F7556}") = "Volo.Docs.Admin.Application.Tests", "modules\Volo.Docs\test\Volo.Docs.Admin.Application.Tests\Volo.Docs.Admin.Application.Tests.csproj", "{52d25bb0-2e05-4137-8f1e-dc52079b7dae}"
EndProject
Project("{9A19103F-16F7-4668-BE54-9A1E7A4F7556}") = "Volo.Docs.Web", "modules\Volo.Docs\src\Volo.Docs.Web\Volo.Docs.Web.csproj", "{9f86cb2c-9d08-4b57-8da8-48f0d99da282}"
EndProject
Project("{9A19103F-16F7-4668-BE54-9A1E7A4F7556}") = "Volo.Docs.MongoDB", "modules\Volo.Docs\src\Volo.Docs.MongoDB\Volo.Docs.MongoDB.csproj", "{e828a8ae-e705-4c71-8f8a-d25a1da4b7f8}"
EndProject
Project("{9A19103F-16F7-4668-BE54-9A1E7A4F7556}") = "Volo.Docs.Installer", "modules\Volo.Docs\src\Volo.Docs.Installer\Volo.Docs.Installer.csproj", "{b56d59d3-9d34-4f5f-b32f-2fb10a6e1cac}"
EndProject
Project("{9A19103F-16F7-4668-BE54-9A1E7A4F7556}") = "Volo.Docs.HttpApi.Client", "modules\Volo.Docs\src\Volo.Docs.HttpApi.Client\Volo.Docs.HttpApi.Client.csproj", "{3e7d5660-c194-4eed-9b3e-b979cdd3a14f}"
EndProject
Project("{9A19103F-16F7-4668-BE54-9A1E7A4F7556}") = "Volo.Docs.HttpApi", "modules\Volo.Docs\src\Volo.Docs.HttpApi\Volo.Docs.HttpApi.csproj", "{03a590e7-19d8-489e-b30d-45aae96d047f}"
EndProject
Project("{9A19103F-16F7-4668-BE54-9A1E7A4F7556}") = "Volo.Docs.EntityFrameworkCore", "modules\Volo.Docs\src\Volo.Docs.EntityFrameworkCore\Volo.Docs.EntityFrameworkCore.csproj", "{0f0c5939-cfde-4f0a-adef-31888ab45323}"
EndProject
Project("{9A19103F-16F7-4668-BE54-9A1E7A4F7556}") = "Volo.Docs.Domain.Shared", "modules\Volo.Docs\src\Volo.Docs.Domain.Shared\Volo.Docs.Domain.Shared.csproj", "{bdc5b9f5-c6d0-4b78-8cf0-9f6b05c9329e}"
EndProject
Project("{9A19103F-16F7-4668-BE54-9A1E7A4F7556}") = "Volo.Docs.Domain", "modules\Volo.Docs\src\Volo.Docs.Domain\Volo.Docs.Domain.csproj", "{ba2d42d4-273d-492c-8a6d-7bef71b7a26a}"
EndProject
Project("{9A19103F-16F7-4668-BE54-9A1E7A4F7556}") = "Volo.Docs.Application.Contracts", "modules\Volo.Docs\src\Volo.Docs.Application.Contracts\Volo.Docs.Application.Contracts.csproj", "{6dc26f26-5c07-4f61-9152-38c144491cdb}"
EndProject
Project("{9A19103F-16F7-4668-BE54-9A1E7A4F7556}") = "Volo.Docs.Application", "modules\Volo.Docs\src\Volo.Docs.Application\Volo.Docs.Application.csproj", "{91e03aaf-f13d-4857-8a1e-e68f8fe80f74}"
EndProject
Project("{9A19103F-16F7-4668-BE54-9A1E7A4F7556}") = "Volo.Docs.Admin.Web", "modules\Volo.Docs\src\Volo.Docs.Admin.Web\Volo.Docs.Admin.Web.csproj", "{03926d78-1a8c-4355-9b7a-8e45ef653de0}"
EndProject
Project("{9A19103F-16F7-4668-BE54-9A1E7A4F7556}") = "Volo.Docs.Admin.HttpApi.Client", "modules\Volo.Docs\src\Volo.Docs.Admin.HttpApi.Client\Volo.Docs.Admin.HttpApi.Client.csproj", "{5d5b41f9-7707-4f32-bc09-a7fdce0bc7f4}"
EndProject
Project("{9A19103F-16F7-4668-BE54-9A1E7A4F7556}") = "Volo.Docs.Admin.HttpApi", "modules\Volo.Docs\src\Volo.Docs.Admin.HttpApi\Volo.Docs.Admin.HttpApi.csproj", "{0dcf7774-a4bd-49ee-8b4a-c2b7cdee2324}"
EndProject
Project("{9A19103F-16F7-4668-BE54-9A1E7A4F7556}") = "Volo.Docs.Admin.Application.Contracts", "modules\Volo.Docs\src\Volo.Docs.Admin.Application.Contracts\Volo.Docs.Admin.Application.Contracts.csproj", "{d5cfb44e-8779-4a84-b219-ee4cf12bc176}"
EndProject
Project("{9A19103F-16F7-4668-BE54-9A1E7A4F7556}") = "Volo.Docs.Admin.Application", "modules\Volo.Docs\src\Volo.Docs.Admin.Application\Volo.Docs.Admin.Application.csproj", "{a77adf7a-9906-44ac-acab-597943bdf742}"
EndProject
Project("{2150E333-8FDC-42A3-9474-1A3956D46DE8}") = "Volo.Docs.Tests", "Volo.Docs.Tests", "{4bb0301b-1bf9-4700-ae7a-15ec4f36826d}"
EndProject
Project("{2150E333-8FDC-42A3-9474-1A3956D46DE8}") = "Volo.Docs", "Volo.Docs", "{55d49e03-9a1f-475b-805b-cf79c776a265}"
EndProject
Project("{2150E333-8FDC-42A3-9474-1A3956D46DE8}") = "modules", "modules", "{823b89a2-e587-4bd6-9c04-b221ffbe888d}"
EndProject
Project("{9A19103F-16F7-4668-BE54-9A1E7A4F7556}") = "raaghuDocumentation.Application", "src\raaghuDocumentation.Application\raaghuDocumentation.Application.csproj", "{1A94A50E-06DC-43C1-80B5-B662820EC3EB}"
EndProject
Project("{9A19103F-16F7-4668-BE54-9A1E7A4F7556}") = "raaghuDocumentation.EntityFrameworkCore", "src\raaghuDocumentation.EntityFrameworkCore\raaghuDocumentation.EntityFrameworkCore.csproj", "{C956DD76-69C8-4A9C-83EA-D17DF83340FD}"
EndProject
Project("{9A19103F-16F7-4668-BE54-9A1E7A4F7556}") = "raaghuDocumentation.Web", "src\raaghuDocumentation.Web\raaghuDocumentation.Web.csproj", "{068855E8-9240-4F1A-910B-CF825794513B}"
EndProject
Project("{2150E333-8FDC-42A3-9474-1A3956D46DE8}") = "src", "src", "{CA9AC87F-097E-4F15-8393-4BC07735A5B0}"
EndProject
Project("{2150E333-8FDC-42A3-9474-1A3956D46DE8}") = "test", "test", "{04DBDB01-70F4-4E06-B468-8F87850B22BE}"
EndProject
Project("{9A19103F-16F7-4668-BE54-9A1E7A4F7556}") = "raaghuDocumentation.Application.Tests", "test\raaghuDocumentation.Application.Tests\raaghuDocumentation.Application.Tests.csproj", "{50B2631D-129C-47B3-A587-029CCD6099BC}"
EndProject
Project("{9A19103F-16F7-4668-BE54-9A1E7A4F7556}") = "raaghuDocumentation.Web.Tests", "test\raaghuDocumentation.Web.Tests\raaghuDocumentation.Web.Tests.csproj", "{5F1B28C6-8D0C-4155-92D0-252F7EA5F674}"
EndProject
Project("{9A19103F-16F7-4668-BE54-9A1E7A4F7556}") = "raaghuDocumentation.Domain.Shared", "src\raaghuDocumentation.Domain.Shared\raaghuDocumentation.Domain.Shared.csproj", "{42F719ED-8413-4895-B5B4-5AB56079BC66}"
EndProject
Project("{9A19103F-16F7-4668-BE54-9A1E7A4F7556}") = "raaghuDocumentation.Application.Contracts", "src\raaghuDocumentation.Application.Contracts\raaghuDocumentation.Application.Contracts.csproj", "{520659C8-C734-4298-A3DA-B539DB9DFC0B}"
EndProject
Project("{9A19103F-16F7-4668-BE54-9A1E7A4F7556}") = "raaghuDocumentation.HttpApi", "src\raaghuDocumentation.HttpApi\raaghuDocumentation.HttpApi.csproj", "{4164BDF7-F527-4E85-9CE6-E3C2D7426A27}"
EndProject
Project("{9A19103F-16F7-4668-BE54-9A1E7A4F7556}") = "raaghuDocumentation.HttpApi.Client", "src\raaghuDocumentation.HttpApi.Client\raaghuDocumentation.HttpApi.Client.csproj", "{3B5A0094-670D-4BB1-BFDD-61B88A8773DC}"
EndProject
Project("{9A19103F-16F7-4668-BE54-9A1E7A4F7556}") = "raaghuDocumentation.EntityFrameworkCore.Tests", "test\raaghuDocumentation.EntityFrameworkCore.Tests\raaghuDocumentation.EntityFrameworkCore.Tests.csproj", "{1FE30EB9-74A9-47F5-A9F6-7B1FAB672D81}"
EndProject
Project("{9A19103F-16F7-4668-BE54-9A1E7A4F7556}") = "raaghuDocumentation.TestBase", "test\raaghuDocumentation.TestBase\raaghuDocumentation.TestBase.csproj", "{91853F21-9CD9-4132-BC29-A7D5D84FFFE7}"
EndProject
Project("{9A19103F-16F7-4668-BE54-9A1E7A4F7556}") = "raaghuDocumentation.Domain.Tests", "test\raaghuDocumentation.Domain.Tests\raaghuDocumentation.Domain.Tests.csproj", "{E512F4D9-9375-480F-A2F6-A46509F9D824}"
EndProject
Project("{9A19103F-16F7-4668-BE54-9A1E7A4F7556}") = "raaghuDocumentation.HttpApi.Client.ConsoleTestApp", "test\raaghuDocumentation.HttpApi.Client.ConsoleTestApp\raaghuDocumentation.HttpApi.Client.ConsoleTestApp.csproj", "{EF480016-9127-4916-8735-D2466BDBC582}"
EndProject
Project("{9A19103F-16F7-4668-BE54-9A1E7A4F7556}") = "raaghuDocumentation.DbMigrator", "src\raaghuDocumentation.DbMigrator\raaghuDocumentation.DbMigrator.csproj", "{70680696-BB1E-4383-BCB2-42C3767171FB}"
EndProject
Global
	GlobalSection(SolutionConfigurationPlatforms) = preSolution
		Debug|Any CPU = Debug|Any CPU
		Release|Any CPU = Release|Any CPU
	EndGlobalSection
	GlobalSection(ProjectConfigurationPlatforms) = postSolution
		{8ac8871c-9433-491b-8148-0a9cd4cc536c}.Debug|Any CPU.ActiveCfg = Debug|Any CPU
		{8ac8871c-9433-491b-8148-0a9cd4cc536c}.Debug|Any CPU.Build.0 = Debug|Any CPU
		{8ac8871c-9433-491b-8148-0a9cd4cc536c}.Release|Any CPU.ActiveCfg = Release|Any CPU
		{8ac8871c-9433-491b-8148-0a9cd4cc536c}.Release|Any CPU.Build.0 = Release|Any CPU
		{94f1a666-1813-47de-bfe2-a76e950581cb}.Debug|Any CPU.ActiveCfg = Debug|Any CPU
		{94f1a666-1813-47de-bfe2-a76e950581cb}.Debug|Any CPU.Build.0 = Debug|Any CPU
		{94f1a666-1813-47de-bfe2-a76e950581cb}.Release|Any CPU.ActiveCfg = Release|Any CPU
		{94f1a666-1813-47de-bfe2-a76e950581cb}.Release|Any CPU.Build.0 = Release|Any CPU
		{ef803cde-183a-4e2b-9880-00a5c66f2845}.Debug|Any CPU.ActiveCfg = Debug|Any CPU
		{ef803cde-183a-4e2b-9880-00a5c66f2845}.Debug|Any CPU.Build.0 = Debug|Any CPU
		{ef803cde-183a-4e2b-9880-00a5c66f2845}.Release|Any CPU.ActiveCfg = Release|Any CPU
		{ef803cde-183a-4e2b-9880-00a5c66f2845}.Release|Any CPU.Build.0 = Release|Any CPU
		{3701cfa3-ba69-400a-896f-b1356850f8ba}.Debug|Any CPU.ActiveCfg = Debug|Any CPU
		{3701cfa3-ba69-400a-896f-b1356850f8ba}.Debug|Any CPU.Build.0 = Debug|Any CPU
		{3701cfa3-ba69-400a-896f-b1356850f8ba}.Release|Any CPU.ActiveCfg = Release|Any CPU
		{3701cfa3-ba69-400a-896f-b1356850f8ba}.Release|Any CPU.Build.0 = Release|Any CPU
		{52d25bb0-2e05-4137-8f1e-dc52079b7dae}.Debug|Any CPU.ActiveCfg = Debug|Any CPU
		{52d25bb0-2e05-4137-8f1e-dc52079b7dae}.Debug|Any CPU.Build.0 = Debug|Any CPU
		{52d25bb0-2e05-4137-8f1e-dc52079b7dae}.Release|Any CPU.ActiveCfg = Release|Any CPU
		{52d25bb0-2e05-4137-8f1e-dc52079b7dae}.Release|Any CPU.Build.0 = Release|Any CPU
		{9f86cb2c-9d08-4b57-8da8-48f0d99da282}.Debug|Any CPU.ActiveCfg = Debug|Any CPU
		{9f86cb2c-9d08-4b57-8da8-48f0d99da282}.Debug|Any CPU.Build.0 = Debug|Any CPU
		{9f86cb2c-9d08-4b57-8da8-48f0d99da282}.Release|Any CPU.ActiveCfg = Release|Any CPU
		{9f86cb2c-9d08-4b57-8da8-48f0d99da282}.Release|Any CPU.Build.0 = Release|Any CPU
		{e828a8ae-e705-4c71-8f8a-d25a1da4b7f8}.Debug|Any CPU.ActiveCfg = Debug|Any CPU
		{e828a8ae-e705-4c71-8f8a-d25a1da4b7f8}.Debug|Any CPU.Build.0 = Debug|Any CPU
		{e828a8ae-e705-4c71-8f8a-d25a1da4b7f8}.Release|Any CPU.ActiveCfg = Release|Any CPU
		{e828a8ae-e705-4c71-8f8a-d25a1da4b7f8}.Release|Any CPU.Build.0 = Release|Any CPU
		{b56d59d3-9d34-4f5f-b32f-2fb10a6e1cac}.Debug|Any CPU.ActiveCfg = Debug|Any CPU
		{b56d59d3-9d34-4f5f-b32f-2fb10a6e1cac}.Debug|Any CPU.Build.0 = Debug|Any CPU
		{b56d59d3-9d34-4f5f-b32f-2fb10a6e1cac}.Release|Any CPU.ActiveCfg = Release|Any CPU
		{b56d59d3-9d34-4f5f-b32f-2fb10a6e1cac}.Release|Any CPU.Build.0 = Release|Any CPU
		{3e7d5660-c194-4eed-9b3e-b979cdd3a14f}.Debug|Any CPU.ActiveCfg = Debug|Any CPU
		{3e7d5660-c194-4eed-9b3e-b979cdd3a14f}.Debug|Any CPU.Build.0 = Debug|Any CPU
		{3e7d5660-c194-4eed-9b3e-b979cdd3a14f}.Release|Any CPU.ActiveCfg = Release|Any CPU
		{3e7d5660-c194-4eed-9b3e-b979cdd3a14f}.Release|Any CPU.Build.0 = Release|Any CPU
		{03a590e7-19d8-489e-b30d-45aae96d047f}.Debug|Any CPU.ActiveCfg = Debug|Any CPU
		{03a590e7-19d8-489e-b30d-45aae96d047f}.Debug|Any CPU.Build.0 = Debug|Any CPU
		{03a590e7-19d8-489e-b30d-45aae96d047f}.Release|Any CPU.ActiveCfg = Release|Any CPU
		{03a590e7-19d8-489e-b30d-45aae96d047f}.Release|Any CPU.Build.0 = Release|Any CPU
		{0f0c5939-cfde-4f0a-adef-31888ab45323}.Debug|Any CPU.ActiveCfg = Debug|Any CPU
		{0f0c5939-cfde-4f0a-adef-31888ab45323}.Debug|Any CPU.Build.0 = Debug|Any CPU
		{0f0c5939-cfde-4f0a-adef-31888ab45323}.Release|Any CPU.ActiveCfg = Release|Any CPU
		{0f0c5939-cfde-4f0a-adef-31888ab45323}.Release|Any CPU.Build.0 = Release|Any CPU
		{bdc5b9f5-c6d0-4b78-8cf0-9f6b05c9329e}.Debug|Any CPU.ActiveCfg = Debug|Any CPU
		{bdc5b9f5-c6d0-4b78-8cf0-9f6b05c9329e}.Debug|Any CPU.Build.0 = Debug|Any CPU
		{bdc5b9f5-c6d0-4b78-8cf0-9f6b05c9329e}.Release|Any CPU.ActiveCfg = Release|Any CPU
		{bdc5b9f5-c6d0-4b78-8cf0-9f6b05c9329e}.Release|Any CPU.Build.0 = Release|Any CPU
		{ba2d42d4-273d-492c-8a6d-7bef71b7a26a}.Debug|Any CPU.ActiveCfg = Debug|Any CPU
		{ba2d42d4-273d-492c-8a6d-7bef71b7a26a}.Debug|Any CPU.Build.0 = Debug|Any CPU
		{ba2d42d4-273d-492c-8a6d-7bef71b7a26a}.Release|Any CPU.ActiveCfg = Release|Any CPU
		{ba2d42d4-273d-492c-8a6d-7bef71b7a26a}.Release|Any CPU.Build.0 = Release|Any CPU
		{6dc26f26-5c07-4f61-9152-38c144491cdb}.Debug|Any CPU.ActiveCfg = Debug|Any CPU
		{6dc26f26-5c07-4f61-9152-38c144491cdb}.Debug|Any CPU.Build.0 = Debug|Any CPU
		{6dc26f26-5c07-4f61-9152-38c144491cdb}.Release|Any CPU.ActiveCfg = Release|Any CPU
		{6dc26f26-5c07-4f61-9152-38c144491cdb}.Release|Any CPU.Build.0 = Release|Any CPU
		{91e03aaf-f13d-4857-8a1e-e68f8fe80f74}.Debug|Any CPU.ActiveCfg = Debug|Any CPU
		{91e03aaf-f13d-4857-8a1e-e68f8fe80f74}.Debug|Any CPU.Build.0 = Debug|Any CPU
		{91e03aaf-f13d-4857-8a1e-e68f8fe80f74}.Release|Any CPU.ActiveCfg = Release|Any CPU
		{91e03aaf-f13d-4857-8a1e-e68f8fe80f74}.Release|Any CPU.Build.0 = Release|Any CPU
		{03926d78-1a8c-4355-9b7a-8e45ef653de0}.Debug|Any CPU.ActiveCfg = Debug|Any CPU
		{03926d78-1a8c-4355-9b7a-8e45ef653de0}.Debug|Any CPU.Build.0 = Debug|Any CPU
		{03926d78-1a8c-4355-9b7a-8e45ef653de0}.Release|Any CPU.ActiveCfg = Release|Any CPU
		{03926d78-1a8c-4355-9b7a-8e45ef653de0}.Release|Any CPU.Build.0 = Release|Any CPU
		{5d5b41f9-7707-4f32-bc09-a7fdce0bc7f4}.Debug|Any CPU.ActiveCfg = Debug|Any CPU
		{5d5b41f9-7707-4f32-bc09-a7fdce0bc7f4}.Debug|Any CPU.Build.0 = Debug|Any CPU
		{5d5b41f9-7707-4f32-bc09-a7fdce0bc7f4}.Release|Any CPU.ActiveCfg = Release|Any CPU
		{5d5b41f9-7707-4f32-bc09-a7fdce0bc7f4}.Release|Any CPU.Build.0 = Release|Any CPU
		{0dcf7774-a4bd-49ee-8b4a-c2b7cdee2324}.Debug|Any CPU.ActiveCfg = Debug|Any CPU
		{0dcf7774-a4bd-49ee-8b4a-c2b7cdee2324}.Debug|Any CPU.Build.0 = Debug|Any CPU
		{0dcf7774-a4bd-49ee-8b4a-c2b7cdee2324}.Release|Any CPU.ActiveCfg = Release|Any CPU
		{0dcf7774-a4bd-49ee-8b4a-c2b7cdee2324}.Release|Any CPU.Build.0 = Release|Any CPU
		{d5cfb44e-8779-4a84-b219-ee4cf12bc176}.Debug|Any CPU.ActiveCfg = Debug|Any CPU
		{d5cfb44e-8779-4a84-b219-ee4cf12bc176}.Debug|Any CPU.Build.0 = Debug|Any CPU
		{d5cfb44e-8779-4a84-b219-ee4cf12bc176}.Release|Any CPU.ActiveCfg = Release|Any CPU
		{d5cfb44e-8779-4a84-b219-ee4cf12bc176}.Release|Any CPU.Build.0 = Release|Any CPU
		{a77adf7a-9906-44ac-acab-597943bdf742}.Debug|Any CPU.ActiveCfg = Debug|Any CPU
		{a77adf7a-9906-44ac-acab-597943bdf742}.Debug|Any CPU.Build.0 = Debug|Any CPU
		{a77adf7a-9906-44ac-acab-597943bdf742}.Release|Any CPU.ActiveCfg = Release|Any CPU
		{a77adf7a-9906-44ac-acab-597943bdf742}.Release|Any CPU.Build.0 = Release|Any CPU
		{554AD327-6DBA-4F8F-96F8-81CE7A0C863F}.Debug|Any CPU.ActiveCfg = Debug|Any CPU
		{554AD327-6DBA-4F8F-96F8-81CE7A0C863F}.Debug|Any CPU.Build.0 = Debug|Any CPU
		{554AD327-6DBA-4F8F-96F8-81CE7A0C863F}.Release|Any CPU.ActiveCfg = Release|Any CPU
		{554AD327-6DBA-4F8F-96F8-81CE7A0C863F}.Release|Any CPU.Build.0 = Release|Any CPU
		{1A94A50E-06DC-43C1-80B5-B662820EC3EB}.Debug|Any CPU.ActiveCfg = Debug|Any CPU
		{1A94A50E-06DC-43C1-80B5-B662820EC3EB}.Debug|Any CPU.Build.0 = Debug|Any CPU
		{1A94A50E-06DC-43C1-80B5-B662820EC3EB}.Release|Any CPU.ActiveCfg = Release|Any CPU
		{1A94A50E-06DC-43C1-80B5-B662820EC3EB}.Release|Any CPU.Build.0 = Release|Any CPU
		{C956DD76-69C8-4A9C-83EA-D17DF83340FD}.Debug|Any CPU.ActiveCfg = Debug|Any CPU
		{C956DD76-69C8-4A9C-83EA-D17DF83340FD}.Debug|Any CPU.Build.0 = Debug|Any CPU
		{C956DD76-69C8-4A9C-83EA-D17DF83340FD}.Release|Any CPU.ActiveCfg = Release|Any CPU
		{C956DD76-69C8-4A9C-83EA-D17DF83340FD}.Release|Any CPU.Build.0 = Release|Any CPU
		{068855E8-9240-4F1A-910B-CF825794513B}.Debug|Any CPU.ActiveCfg = Debug|Any CPU
		{068855E8-9240-4F1A-910B-CF825794513B}.Debug|Any CPU.Build.0 = Debug|Any CPU
		{068855E8-9240-4F1A-910B-CF825794513B}.Release|Any CPU.ActiveCfg = Release|Any CPU
		{068855E8-9240-4F1A-910B-CF825794513B}.Release|Any CPU.Build.0 = Release|Any CPU
		{50B2631D-129C-47B3-A587-029CCD6099BC}.Debug|Any CPU.ActiveCfg = Debug|Any CPU
		{50B2631D-129C-47B3-A587-029CCD6099BC}.Debug|Any CPU.Build.0 = Debug|Any CPU
		{50B2631D-129C-47B3-A587-029CCD6099BC}.Release|Any CPU.ActiveCfg = Release|Any CPU
		{50B2631D-129C-47B3-A587-029CCD6099BC}.Release|Any CPU.Build.0 = Release|Any CPU
		{5F1B28C6-8D0C-4155-92D0-252F7EA5F674}.Debug|Any CPU.ActiveCfg = Debug|Any CPU
		{5F1B28C6-8D0C-4155-92D0-252F7EA5F674}.Debug|Any CPU.Build.0 = Debug|Any CPU
		{5F1B28C6-8D0C-4155-92D0-252F7EA5F674}.Release|Any CPU.ActiveCfg = Release|Any CPU
		{5F1B28C6-8D0C-4155-92D0-252F7EA5F674}.Release|Any CPU.Build.0 = Release|Any CPU
		{42F719ED-8413-4895-B5B4-5AB56079BC66}.Debug|Any CPU.ActiveCfg = Debug|Any CPU
		{42F719ED-8413-4895-B5B4-5AB56079BC66}.Debug|Any CPU.Build.0 = Debug|Any CPU
		{42F719ED-8413-4895-B5B4-5AB56079BC66}.Release|Any CPU.ActiveCfg = Release|Any CPU
		{42F719ED-8413-4895-B5B4-5AB56079BC66}.Release|Any CPU.Build.0 = Release|Any CPU
		{520659C8-C734-4298-A3DA-B539DB9DFC0B}.Debug|Any CPU.ActiveCfg = Debug|Any CPU
		{520659C8-C734-4298-A3DA-B539DB9DFC0B}.Debug|Any CPU.Build.0 = Debug|Any CPU
		{520659C8-C734-4298-A3DA-B539DB9DFC0B}.Release|Any CPU.ActiveCfg = Release|Any CPU
		{520659C8-C734-4298-A3DA-B539DB9DFC0B}.Release|Any CPU.Build.0 = Release|Any CPU
		{4164BDF7-F527-4E85-9CE6-E3C2D7426A27}.Debug|Any CPU.ActiveCfg = Debug|Any CPU
		{4164BDF7-F527-4E85-9CE6-E3C2D7426A27}.Debug|Any CPU.Build.0 = Debug|Any CPU
		{4164BDF7-F527-4E85-9CE6-E3C2D7426A27}.Release|Any CPU.ActiveCfg = Release|Any CPU
		{4164BDF7-F527-4E85-9CE6-E3C2D7426A27}.Release|Any CPU.Build.0 = Release|Any CPU
		{3B5A0094-670D-4BB1-BFDD-61B88A8773DC}.Debug|Any CPU.ActiveCfg = Debug|Any CPU
		{3B5A0094-670D-4BB1-BFDD-61B88A8773DC}.Debug|Any CPU.Build.0 = Debug|Any CPU
		{3B5A0094-670D-4BB1-BFDD-61B88A8773DC}.Release|Any CPU.ActiveCfg = Release|Any CPU
		{3B5A0094-670D-4BB1-BFDD-61B88A8773DC}.Release|Any CPU.Build.0 = Release|Any CPU
		{1FE30EB9-74A9-47F5-A9F6-7B1FAB672D81}.Debug|Any CPU.ActiveCfg = Debug|Any CPU
		{1FE30EB9-74A9-47F5-A9F6-7B1FAB672D81}.Debug|Any CPU.Build.0 = Debug|Any CPU
		{1FE30EB9-74A9-47F5-A9F6-7B1FAB672D81}.Release|Any CPU.ActiveCfg = Release|Any CPU
		{1FE30EB9-74A9-47F5-A9F6-7B1FAB672D81}.Release|Any CPU.Build.0 = Release|Any CPU
		{91853F21-9CD9-4132-BC29-A7D5D84FFFE7}.Debug|Any CPU.ActiveCfg = Debug|Any CPU
		{91853F21-9CD9-4132-BC29-A7D5D84FFFE7}.Debug|Any CPU.Build.0 = Debug|Any CPU
		{91853F21-9CD9-4132-BC29-A7D5D84FFFE7}.Release|Any CPU.ActiveCfg = Release|Any CPU
		{91853F21-9CD9-4132-BC29-A7D5D84FFFE7}.Release|Any CPU.Build.0 = Release|Any CPU
		{E512F4D9-9375-480F-A2F6-A46509F9D824}.Debug|Any CPU.ActiveCfg = Debug|Any CPU
		{E512F4D9-9375-480F-A2F6-A46509F9D824}.Debug|Any CPU.Build.0 = Debug|Any CPU
		{E512F4D9-9375-480F-A2F6-A46509F9D824}.Release|Any CPU.ActiveCfg = Release|Any CPU
		{E512F4D9-9375-480F-A2F6-A46509F9D824}.Release|Any CPU.Build.0 = Release|Any CPU
		{EF480016-9127-4916-8735-D2466BDBC582}.Debug|Any CPU.ActiveCfg = Debug|Any CPU
		{EF480016-9127-4916-8735-D2466BDBC582}.Debug|Any CPU.Build.0 = Debug|Any CPU
		{EF480016-9127-4916-8735-D2466BDBC582}.Release|Any CPU.ActiveCfg = Release|Any CPU
		{EF480016-9127-4916-8735-D2466BDBC582}.Release|Any CPU.Build.0 = Release|Any CPU
		{70680696-BB1E-4383-BCB2-42C3767171FB}.Debug|Any CPU.ActiveCfg = Debug|Any CPU
		{70680696-BB1E-4383-BCB2-42C3767171FB}.Debug|Any CPU.Build.0 = Debug|Any CPU
		{70680696-BB1E-4383-BCB2-42C3767171FB}.Release|Any CPU.ActiveCfg = Release|Any CPU
		{70680696-BB1E-4383-BCB2-42C3767171FB}.Release|Any CPU.Build.0 = Release|Any CPU
	EndGlobalSection
	GlobalSection(SolutionProperties) = preSolution
		HideSolutionNode = FALSE
	EndGlobalSection
	GlobalSection(NestedProjects) = preSolution
		{8ac8871c-9433-491b-8148-0a9cd4cc536c} = {4bb0301b-1bf9-4700-ae7a-15ec4f36826d}
		{94f1a666-1813-47de-bfe2-a76e950581cb} = {4bb0301b-1bf9-4700-ae7a-15ec4f36826d}
		{ef803cde-183a-4e2b-9880-00a5c66f2845} = {4bb0301b-1bf9-4700-ae7a-15ec4f36826d}
		{3701cfa3-ba69-400a-896f-b1356850f8ba} = {4bb0301b-1bf9-4700-ae7a-15ec4f36826d}
		{52d25bb0-2e05-4137-8f1e-dc52079b7dae} = {4bb0301b-1bf9-4700-ae7a-15ec4f36826d}
		{9f86cb2c-9d08-4b57-8da8-48f0d99da282} = {55d49e03-9a1f-475b-805b-cf79c776a265}
		{e828a8ae-e705-4c71-8f8a-d25a1da4b7f8} = {55d49e03-9a1f-475b-805b-cf79c776a265}
		{b56d59d3-9d34-4f5f-b32f-2fb10a6e1cac} = {55d49e03-9a1f-475b-805b-cf79c776a265}
		{3e7d5660-c194-4eed-9b3e-b979cdd3a14f} = {55d49e03-9a1f-475b-805b-cf79c776a265}
		{03a590e7-19d8-489e-b30d-45aae96d047f} = {55d49e03-9a1f-475b-805b-cf79c776a265}
		{0f0c5939-cfde-4f0a-adef-31888ab45323} = {55d49e03-9a1f-475b-805b-cf79c776a265}
		{bdc5b9f5-c6d0-4b78-8cf0-9f6b05c9329e} = {55d49e03-9a1f-475b-805b-cf79c776a265}
		{ba2d42d4-273d-492c-8a6d-7bef71b7a26a} = {55d49e03-9a1f-475b-805b-cf79c776a265}
		{6dc26f26-5c07-4f61-9152-38c144491cdb} = {55d49e03-9a1f-475b-805b-cf79c776a265}
		{91e03aaf-f13d-4857-8a1e-e68f8fe80f74} = {55d49e03-9a1f-475b-805b-cf79c776a265}
		{03926d78-1a8c-4355-9b7a-8e45ef653de0} = {55d49e03-9a1f-475b-805b-cf79c776a265}
		{5d5b41f9-7707-4f32-bc09-a7fdce0bc7f4} = {55d49e03-9a1f-475b-805b-cf79c776a265}
		{0dcf7774-a4bd-49ee-8b4a-c2b7cdee2324} = {55d49e03-9a1f-475b-805b-cf79c776a265}
		{d5cfb44e-8779-4a84-b219-ee4cf12bc176} = {55d49e03-9a1f-475b-805b-cf79c776a265}
		{a77adf7a-9906-44ac-acab-597943bdf742} = {55d49e03-9a1f-475b-805b-cf79c776a265}
		{4bb0301b-1bf9-4700-ae7a-15ec4f36826d} = {04DBDB01-70F4-4E06-B468-8F87850B22BE}
		{55d49e03-9a1f-475b-805b-cf79c776a265} = {823b89a2-e587-4bd6-9c04-b221ffbe888d}
		{554AD327-6DBA-4F8F-96F8-81CE7A0C863F} = {CA9AC87F-097E-4F15-8393-4BC07735A5B0}
		{1A94A50E-06DC-43C1-80B5-B662820EC3EB} = {CA9AC87F-097E-4F15-8393-4BC07735A5B0}
		{C956DD76-69C8-4A9C-83EA-D17DF83340FD} = {CA9AC87F-097E-4F15-8393-4BC07735A5B0}
		{068855E8-9240-4F1A-910B-CF825794513B} = {CA9AC87F-097E-4F15-8393-4BC07735A5B0}
		{50B2631D-129C-47B3-A587-029CCD6099BC} = {04DBDB01-70F4-4E06-B468-8F87850B22BE}
		{5F1B28C6-8D0C-4155-92D0-252F7EA5F674} = {04DBDB01-70F4-4E06-B468-8F87850B22BE}
		{42F719ED-8413-4895-B5B4-5AB56079BC66} = {CA9AC87F-097E-4F15-8393-4BC07735A5B0}
		{520659C8-C734-4298-A3DA-B539DB9DFC0B} = {CA9AC87F-097E-4F15-8393-4BC07735A5B0}
		{4164BDF7-F527-4E85-9CE6-E3C2D7426A27} = {CA9AC87F-097E-4F15-8393-4BC07735A5B0}
		{3B5A0094-670D-4BB1-BFDD-61B88A8773DC} = {CA9AC87F-097E-4F15-8393-4BC07735A5B0}
		{1FE30EB9-74A9-47F5-A9F6-7B1FAB672D81} = {04DBDB01-70F4-4E06-B468-8F87850B22BE}
		{91853F21-9CD9-4132-BC29-A7D5D84FFFE7} = {04DBDB01-70F4-4E06-B468-8F87850B22BE}
		{E512F4D9-9375-480F-A2F6-A46509F9D824} = {04DBDB01-70F4-4E06-B468-8F87850B22BE}
		{EF480016-9127-4916-8735-D2466BDBC582} = {04DBDB01-70F4-4E06-B468-8F87850B22BE}
		{70680696-BB1E-4383-BCB2-42C3767171FB} = {CA9AC87F-097E-4F15-8393-4BC07735A5B0}
	EndGlobalSection
	GlobalSection(ExtensibilityGlobals) = postSolution
		SolutionGuid = {78D2B740-583F-6879-699F-773C07935423}
	EndGlobalSection
EndGlobal
